
Microsoft Visual Studio Solution File, Format Version 12.00
# Visual Studio 2012
Project("{FAE04EC0-301F-11D3-BF4B-00C04F79EFBC}") = "SportsStore.Domain", "SportsStore\SportsStore.Domain.csproj", "{36A0DA2B-2AC8-4538-9568-18D79ED519D8}"
EndProject
Project("{FAE04EC0-301F-11D3-BF4B-00C04F79EFBC}") = "SportsStore.WebUI", "SportsStore.WebUI\SportsStore.WebUI.csproj", "{38FEFE9E-04D4-4FDB-ACF5-9432978D6B81}"
EndProject
Project("{FAE04EC0-301F-11D3-BF4B-00C04F79EFBC}") = "SportsStore.UnitTests", "SportsStore.UnitTests\SportsStore.UnitTests.csproj", "{D9360E2D-0432-456A-A752-407120C66E5D}"
EndProject
Global
	GlobalSection(SolutionConfigurationPlatforms) = preSolution
		Debug|Any CPU = Debug|Any CPU
		Release|Any CPU = Release|Any CPU
	EndGlobalSection
	GlobalSection(ProjectConfigurationPlatforms) = postSolution
		{36A0DA2B-2AC8-4538-9568-18D79ED519D8}.Debug|Any CPU.ActiveCfg = Debug|Any CPU
		{36A0DA2B-2AC8-4538-9568-18D79ED519D8}.Debug|Any CPU.Build.0 = Debug|Any CPU
		{36A0DA2B-2AC8-4538-9568-18D79ED519D8}.Release|Any CPU.ActiveCfg = Release|Any CPU
		{36A0DA2B-2AC8-4538-9568-18D79ED519D8}.Release|Any CPU.Build.0 = Release|Any CPU
		{38FEFE9E-04D4-4FDB-ACF5-9432978D6B81}.Debug|Any CPU.ActiveCfg = Debug|Any CPU
		{38FEFE9E-04D4-4FDB-ACF5-9432978D6B81}.Debug|Any CPU.Build.0 = Debug|Any CPU
		{38FEFE9E-04D4-4FDB-ACF5-9432978D6B81}.Release|Any CPU.ActiveCfg = Release|Any CPU
		{38FEFE9E-04D4-4FDB-ACF5-9432978D6B81}.Release|Any CPU.Build.0 = Release|Any CPU
		{D9360E2D-0432-456A-A752-407120C66E5D}.Debug|Any CPU.ActiveCfg = Debug|Any CPU
		{D9360E2D-0432-456A-A752-407120C66E5D}.Debug|Any CPU.Build.0 = Debug|Any CPU
		{D9360E2D-0432-456A-A752-407120C66E5D}.Release|Any CPU.ActiveCfg = Release|Any CPU
		{D9360E2D-0432-456A-A752-407120C66E5D}.Release|Any CPU.Build.0 = Release|Any CPU
	EndGlobalSection
	GlobalSection(SolutionProperties) = preSolution
		HideSolutionNode = FALSE
	EndGlobalSection
EndGlobal
